<?xml version="1.0" encoding="utf-8"?>
<Project ToolsVersion="4.0" xmlns="http://schemas.microsoft.com/developer/msbuild/2003">
  <ItemGroup>
    <Filter Include="Source Files">
      <UniqueIdentifier>{4FC737F1-C7A5-4376-A066-2A32D752A2FF}</UniqueIdentifier>
      <Extensions>cpp;c;cc;cxx;def;odl;idl;hpj;bat;asm;asmx</Extensions>
    </Filter>
    <Filter Include="Header Files">
      <UniqueIdentifier>{93995380-89BD-4b04-88EB-625FBE52EBFB}</UniqueIdentifier>
      <Extensions>h;hpp;hxx;hm;inl;inc;xsd</Extensions>
    </Filter>
    <Filter Include="Resource Files">
      <UniqueIdentifier>{67DA6AB6-F800-4c08-8B7A-83BB121AAD01}</UniqueIdentifier>
      <Extensions>rc;ico;cur;bmp;dlg;rc2;rct;bin;rgs;gif;jpg;jpeg;jpe;resx;tiff;tif;png;wav;mfcribbon-ms</Extensions>
    </Filter>
  </ItemGroup>
  <ItemGroup>
    <None Include="ReadMe.txt" />
  </ItemGroup>
  <ItemGroup>
    <ClInclude Include="stdafx.h">
      <Filter>Header Files</Filter>
    </ClInclude>
    <ClInclude Include="targetver.h">
      <Filter>Header Files</Filter>
    </ClInclude>
    <ClInclude Include="BarbaUtils.h">
      <Filter>Header Files</Filter>
    </ClInclude>
    <ClInclude Include="General.h">
      <Filter>Header Files</Filter>
    </ClInclude>
    <ClInclude Include="PacketHelper.h">
      <Filter>Header Files</Filter>
    </ClInclude>
    <ClInclude Include="BarbaCrypt.h">
      <Filter>Header Files</Filter>
    </ClInclude>
    <ClInclude Include="BarbaClient\BarbaClientConfig.h">
      <Filter>Header Files</Filter>
    </ClInclude>
    <ClInclude Include="BarbaServer\BarbaServerConfig.h">
      <Filter>Header Files</Filter>
    </ClInclude>
    <ClInclude Include="BarbaServer\BarbaServerConnection.h">
      <Filter>Header Files</Filter>
    </ClInclude>
    <ClInclude Include="BarbaServer\BarbaServerApp.h">
      <Filter>Header Files</Filter>
    </ClInclude>
    <ClInclude Include="BarbaClient\BarbaClientApp.h">
      <Filter>Header Files</Filter>
    </ClInclude>
    <ClInclude Include="BarbaApp.h">
      <Filter>Header Files</Filter>
    </ClInclude>
    <ClInclude Include="BarbaClient\BarbaClientConnection.h">
      <Filter>Header Files</Filter>
    </ClInclude>
    <ClInclude Include="resource.h">
      <Filter>Header Files</Filter>
    </ClInclude>
    <ClInclude Include="BarbaComm.h">
      <Filter>Header Files</Filter>
    </ClInclude>
    <ClInclude Include="BarbaConfigItem.h">
      <Filter>Header Files</Filter>
    </ClInclude>
    <ClInclude Include="WinpkFilter\Common.h">
      <Filter>Header Files</Filter>
    </ClInclude>
    <ClInclude Include="WinpkFilter\iphlp.h">
      <Filter>Header Files</Filter>
    </ClInclude>
    <ClInclude Include="WinpkFilter\ndisapi.h">
      <Filter>Header Files</Filter>
    </ClInclude>
    <ClInclude Include="BarbaSocket.h">
      <Filter>Header Files</Filter>
    </ClInclude>
    <ClInclude Include="BarbaCourier.h">
      <Filter>Header Files</Filter>
    </ClInclude>
    <ClInclude Include="SimpleSafeList.h">
      <Filter>Header Files</Filter>
    </ClInclude>
    <ClInclude Include="SimpleEvent.h">
      <Filter>Header Files</Filter>
    </ClInclude>
    <ClInclude Include="SimpleCriticalSection.h">
      <Filter>Header Files</Filter>
    </ClInclude>
    <ClInclude Include="StringUtil.h">
      <Filter>Header Files</Filter>
    </ClInclude>
    <ClInclude Include="BarbaServer\BarbaServerHttpCourier.h">
      <Filter>Header Files</Filter>
    </ClInclude>
    <ClInclude Include="BarbaServer\BarbaServerHttpConnection.h">
      <Filter>Header Files</Filter>
    </ClInclude>
    <ClInclude Include="BarbaServer\BarbaServerUdpConnection.h">
      <Filter>Header Files</Filter>
    </ClInclude>
    <ClInclude Include="BarbaServer\BarbaServerRedirectConnection.h">
      <Filter>Header Files</Filter>
    </ClInclude>
    <ClInclude Include="BarbaServer\BarbaServerHttpHost.h">
      <Filter>Header Files</Filter>
    </ClInclude>
    <ClInclude Include="BarbaServer\BarbaServerConnectionManager.h">
      <Filter>Header Files</Filter>
    </ClInclude>
    <ClInclude Include="BarbaServer\BarbaServerVirtualIpManager.h">
      <Filter>Header Files</Filter>
    </ClInclude>
    <ClInclude Include="BarbaConnection.h">
      <Filter>Header Files</Filter>
    </ClInclude>
    <ClInclude Include="BarbaClient\BarbaClientUdpConnection.h">
      <Filter>Header Files</Filter>
    </ClInclude>
    <ClInclude Include="BarbaClient\BarbaClientRedirectConnection.h">
      <Filter>Header Files</Filter>
    </ClInclude>
    <ClInclude Include="BarbaClient\BarbaClientConnectionManager.h">
      <Filter>Header Files</Filter>
    </ClInclude>
    <ClInclude Include="BarbaConnectionManager.h">
      <Filter>Header Files</Filter>
    </ClInclude>
    <ClInclude Include="BarbaClient\BarbaClientHttpConnection.h">
      <Filter>Header Files</Filter>
    </ClInclude>
    <ClInclude Include="BarbaClient\BarbaClientHttpCourier.h">
      <Filter>Header Files</Filter>
    </ClInclude>
    <ClInclude Include="SimpleBuffer.h">
      <Filter>Header Files</Filter>
    </ClInclude>
  </ItemGroup>
  <ItemGroup>
    <ClCompile Include="stdafx.cpp">
      <Filter>Source Files</Filter>
    </ClCompile>
    <ClCompile Include="BarbaTunnel.cpp">
      <Filter>Source Files</Filter>
    </ClCompile>
    <ClCompile Include="BarbaUtils.cpp">
      <Filter>Source Files</Filter>
    </ClCompile>
    <ClCompile Include="PacketHelper.cpp">
      <Filter>Source Files</Filter>
    </ClCompile>
    <ClCompile Include="BarbaCrypt.cpp">
      <Filter>Source Files</Filter>
    </ClCompile>
    <ClCompile Include="General.cpp">
      <Filter>Source Files</Filter>
    </ClCompile>
    <ClCompile Include="BarbaClient\BarbaClientConfig.cpp">
      <Filter>Source Files</Filter>
    </ClCompile>
    <ClCompile Include="BarbaServer\BarbaServerConfig.cpp">
      <Filter>Source Files</Filter>
    </ClCompile>
    <ClCompile Include="BarbaServer\BarbaServerConnection.cpp">
      <Filter>Source Files</Filter>
    </ClCompile>
    <ClCompile Include="BarbaServer\BarbaServerApp.cpp">
      <Filter>Source Files</Filter>
    </ClCompile>
    <ClCompile Include="BarbaClient\BarbaClientApp.cpp">
      <Filter>Source Files</Filter>
    </ClCompile>
    <ClCompile Include="BarbaApp.cpp">
      <Filter>Source Files</Filter>
    </ClCompile>
    <ClCompile Include="BarbaClient\BarbaClientConnection.cpp">
      <Filter>Source Files</Filter>
    </ClCompile>
    <ClCompile Include="BarbaComm.cpp">
      <Filter>Source Files</Filter>
    </ClCompile>
    <ClCompile Include="BarbaConfigItem.cpp">
      <Filter>Source Files</Filter>
    </ClCompile>
    <ClCompile Include="BarbaSocket.cpp">
      <Filter>Source Files</Filter>
    </ClCompile>
    <ClCompile Include="BarbaCourier.cpp">
      <Filter>Source Files</Filter>
    </ClCompile>
    <ClCompile Include="BarbaServer\BarbaServerHttpCourier.cpp">
      <Filter>Source Files</Filter>
    </ClCompile>
    <ClCompile Include="BarbaServer\BarbaServerHttpConnection.cpp">
      <Filter>Source Files</Filter>
    </ClCompile>
    <ClCompile Include="BarbaServer\BarbaServerUdpConnection.cpp">
      <Filter>Source Files</Filter>
    </ClCompile>
    <ClCompile Include="BarbaServer\BarbaServerRedirectConnection.cpp">
      <Filter>Source Files</Filter>
    </ClCompile>
    <ClCompile Include="BarbaServer\BarbaServerHttpHost.cpp">
      <Filter>Source Files</Filter>
    </ClCompile>
    <ClCompile Include="BarbaServer\BarbaServerConnectionManager.cpp">
      <Filter>Source Files</Filter>
    </ClCompile>
    <ClCompile Include="BarbaConnection.cpp">
      <Filter>Source Files</Filter>
    </ClCompile>
    <ClCompile Include="BarbaClient\BarbaClientUdpConnection.cpp">
      <Filter>Source Files</Filter>
    </ClCompile>
    <ClCompile Include="BarbaClient\BarbaClientRedirectConnection.cpp">
      <Filter>Source Files</Filter>
    </ClCompile>
    <ClCompile Include="BarbaClient\BarbaClientConnectionManager.cpp">
      <Filter>Source Files</Filter>
    </ClCompile>
    <ClCompile Include="BarbaConnectionManager.cpp">
      <Filter>Source Files</Filter>
    </ClCompile>
    <ClCompile Include="BarbaClient\BarbaClientHttpConnection.cpp">
      <Filter>Source Files</Filter>
    </ClCompile>
    <ClCompile Include="BarbaClient\BarbaClientHttpCourier.cpp">
      <Filter>Source Files</Filter>
    </ClCompile>
  </ItemGroup>
  <ItemGroup>
    <ResourceCompile Include="BarbaTunnel.rc">
      <Filter>Resource Files</Filter>
    </ResourceCompile>
  </ItemGroup>
  <ItemGroup>
    <Library Include="WinpkFilter\ndisapi.lib" />
  </ItemGroup>
</Project>