<?xml version="1.0" encoding="utf-8"?>
<Project ToolsVersion="4.0" xmlns="http://schemas.microsoft.com/developer/msbuild/2003">
  <ItemGroup>
    <Filter Include="Source Files">
      <UniqueIdentifier>{4FC737F1-C7A5-4376-A066-2A32D752A2FF}</UniqueIdentifier>
      <Extensions>cpp;c;cc;cxx;def;odl;idl;hpj;bat;asm;asmx</Extensions>
    </Filter>
    <Filter Include="Header Files">
      <UniqueIdentifier>{93995380-89BD-4b04-88EB-625FBE52EBFB}</UniqueIdentifier>
      <Extensions>h;hpp;hxx;hm;inl;inc;xsd</Extensions>
    </Filter>
    <Filter Include="Resource Files">
      <UniqueIdentifier>{67DA6AB6-F800-4c08-8B7A-83BB121AAD01}</UniqueIdentifier>
      <Extensions>rc;ico;cur;bmp;dlg;rc2;rct;bin;rgs;gif;jpg;jpeg;jpe;resx;tiff;tif;png;wav;mfcribbon-ms</Extensions>
    </Filter>
  </ItemGroup>
  <ItemGroup>
    <None Include="ReadMe.txt" />
    <None Include="WinpkFilter\amd64\ndisapi.dll" />
    <None Include="WinpkFilter\i386\ndisapi.dll" />
    <None Include="Certificate\BarbaTunnel.cer" />
    <None Include="Certificate\BarbaTunnel.pfx" />
    <None Include="Certificate\BarbaTunnel.pvk" />
    <None Include="WinDivert\amd64\WdfCoInstaller01009.dll" />
    <None Include="WinDivert\amd64\WinDivert.dll" />
    <None Include="WinDivert\amd64\WinDivert.inf" />
    <None Include="WinDivert\amd64\WinDivert.sys" />
    <None Include="WinDivert\i386\WinDivert.dll" />
    <None Include="WinDivert\i386\WinDivert.inf" />
    <None Include="WinDivert\i386\WinDivert.sys" />
    <None Include="WinDivert\i386\WdfCoInstaller01009.dll" />
    <None Include="WinDivert\i386\msvcr100.dll" />
    <None Include="WinDivert\amd64\msvcr100.dll" />
  </ItemGroup>
  <ItemGroup>
    <ClInclude Include="stdafx.h">
      <Filter>Header Files</Filter>
    </ClInclude>
    <ClInclude Include="targetver.h">
      <Filter>Header Files</Filter>
    </ClInclude>
    <ClInclude Include="BarbaUtils.h">
      <Filter>Header Files</Filter>
    </ClInclude>
    <ClInclude Include="General.h">
      <Filter>Header Files</Filter>
    </ClInclude>
    <ClInclude Include="PacketHelper.h">
      <Filter>Header Files</Filter>
    </ClInclude>
    <ClInclude Include="BarbaCrypt.h">
      <Filter>Header Files</Filter>
    </ClInclude>
    <ClInclude Include="BarbaClient\BarbaClientConfig.h">
      <Filter>Header Files</Filter>
    </ClInclude>
    <ClInclude Include="BarbaServer\BarbaServerConfig.h">
      <Filter>Header Files</Filter>
    </ClInclude>
    <ClInclude Include="BarbaServer\BarbaServerConnection.h">
      <Filter>Header Files</Filter>
    </ClInclude>
    <ClInclude Include="BarbaServer\BarbaServerApp.h">
      <Filter>Header Files</Filter>
    </ClInclude>
    <ClInclude Include="BarbaClient\BarbaClientApp.h">
      <Filter>Header Files</Filter>
    </ClInclude>
    <ClInclude Include="BarbaApp.h">
      <Filter>Header Files</Filter>
    </ClInclude>
    <ClInclude Include="BarbaClient\BarbaClientConnection.h">
      <Filter>Header Files</Filter>
    </ClInclude>
    <ClInclude Include="resource.h">
      <Filter>Header Files</Filter>
    </ClInclude>
    <ClInclude Include="BarbaComm.h">
      <Filter>Header Files</Filter>
    </ClInclude>
    <ClInclude Include="WinpkFilter\Common.h">
      <Filter>Header Files</Filter>
    </ClInclude>
    <ClInclude Include="WinpkFilter\iphlp.h">
      <Filter>Header Files</Filter>
    </ClInclude>
    <ClInclude Include="WinpkFilter\ndisapi.h">
      <Filter>Header Files</Filter>
    </ClInclude>
    <ClInclude Include="BarbaSocket.h">
      <Filter>Header Files</Filter>
    </ClInclude>
    <ClInclude Include="SimpleSafeList.h">
      <Filter>Header Files</Filter>
    </ClInclude>
    <ClInclude Include="SimpleEvent.h">
      <Filter>Header Files</Filter>
    </ClInclude>
    <ClInclude Include="SimpleCriticalSection.h">
      <Filter>Header Files</Filter>
    </ClInclude>
    <ClInclude Include="BarbaServer\BarbaServerRedirectConnection.h">
      <Filter>Header Files</Filter>
    </ClInclude>
    <ClInclude Include="BarbaServer\BarbaServerConnectionManager.h">
      <Filter>Header Files</Filter>
    </ClInclude>
    <ClInclude Include="BarbaServer\BarbaServerVirtualIpManager.h">
      <Filter>Header Files</Filter>
    </ClInclude>
    <ClInclude Include="BarbaConnection.h">
      <Filter>Header Files</Filter>
    </ClInclude>
    <ClInclude Include="BarbaClient\BarbaClientRedirectConnection.h">
      <Filter>Header Files</Filter>
    </ClInclude>
    <ClInclude Include="BarbaClient\BarbaClientConnectionManager.h">
      <Filter>Header Files</Filter>
    </ClInclude>
    <ClInclude Include="BarbaConnectionManager.h">
      <Filter>Header Files</Filter>
    </ClInclude>
    <ClInclude Include="BarbaException.h">
      <Filter>Header Files</Filter>
    </ClInclude>
    <ClInclude Include="StringUtils.h">
      <Filter>Header Files</Filter>
    </ClInclude>
    <ClInclude Include="Base64.h">
      <Filter>Header Files</Filter>
    </ClInclude>
    <ClInclude Include="BarbaConfig.h">
      <Filter>Header Files</Filter>
    </ClInclude>
    <ClInclude Include="BarbaFilterDriver.h">
      <Filter>Header Files</Filter>
    </ClInclude>
    <ClInclude Include="WinpkFilterDriver.h">
      <Filter>Header Files</Filter>
    </ClInclude>
    <ClInclude Include="WinDivertFilterDriver.h">
      <Filter>Header Files</Filter>
    </ClInclude>
    <ClInclude Include="WinDivert\divert.h">
      <Filter>Header Files</Filter>
    </ClInclude>
    <ClInclude Include="WinDivert\WinDivertApi.h">
      <Filter>Header Files</Filter>
    </ClInclude>
    <ClInclude Include="WinpkFilter\WinpkFilterApi.h">
      <Filter>Header Files</Filter>
    </ClInclude>
    <ClInclude Include="BarbaBuffer.h">
      <Filter>Header Files</Filter>
    </ClInclude>
    <ClInclude Include="BarbaPortRange.h">
      <Filter>Header Files</Filter>
    </ClInclude>
    <ClInclude Include="BarbaServer\BarbaServerTcpConnection.h">
      <Filter>Header Files</Filter>
    </ClInclude>
    <ClInclude Include="BarbaClient\BarbaClientTcpConnection.h">
      <Filter>Header Files</Filter>
    </ClInclude>
    <ClInclude Include="BarbaServer\BarbaServerHttpConnection.h">
      <Filter>Header Files</Filter>
    </ClInclude>
    <ClInclude Include="BarbaServer\BarbaServerTcpConnectionBase.h">
      <Filter>Header Files</Filter>
    </ClInclude>
    <ClInclude Include="BarbaClient\BarbaClientTcpConnectionBase.h">
      <Filter>Header Files</Filter>
    </ClInclude>
    <ClInclude Include="BarbaServer\BarbaServerTcpHost.h">
      <Filter>Header Files</Filter>
    </ClInclude>
    <ClInclude Include="BarbaClient\BarbaClientHttpConnection.h">
      <Filter>Header Files</Filter>
    </ClInclude>
    <ClInclude Include="BarbaClient\BarbaClientUdpSimpleConnection.h">
      <Filter>Header Files</Filter>
    </ClInclude>
    <ClInclude Include="BarbaServer\BarbaServerUdpSimpleConnection.h">
      <Filter>Header Files</Filter>
    </ClInclude>
    <ClInclude Include="BarbaCourierDatagram\BarbaCourierDatagram.h">
      <Filter>Header Files</Filter>
    </ClInclude>
    <ClInclude Include="BarbaCourierDatagram\BarbaCourierUdpClient.h">
      <Filter>Header Files</Filter>
    </ClInclude>
    <ClInclude Include="BarbaCourierDatagram\BarbaCourierUdpServer.h">
      <Filter>Header Files</Filter>
    </ClInclude>
    <ClInclude Include="BarbaClient\BarbaClientUdpConnection.h">
      <Filter>Header Files</Filter>
    </ClInclude>
    <ClInclude Include="BarbaCourierStream\BarbaCourierHttpClient.h">
      <Filter>Header Files</Filter>
    </ClInclude>
    <ClInclude Include="BarbaCourierStream\BarbaCourierHttpServer.h">
      <Filter>Header Files</Filter>
    </ClInclude>
    <ClInclude Include="BarbaCourierStream\BarbaCourierRequestMode.h">
      <Filter>Header Files</Filter>
    </ClInclude>
    <ClInclude Include="BarbaCourierStream\BarbaCourierTcpClient.h">
      <Filter>Header Files</Filter>
    </ClInclude>
    <ClInclude Include="BarbaCourierStream\BarbaCourierTcpServer.h">
      <Filter>Header Files</Filter>
    </ClInclude>
    <ClInclude Include="BarbaCourierStream\BarbaCourierStream.h">
      <Filter>Header Files</Filter>
    </ClInclude>
    <ClInclude Include="BarbaServer\BarbaServerUdpConnection.h">
      <Filter>Header Files</Filter>
    </ClInclude>
  </ItemGroup>
  <ItemGroup>
    <ClCompile Include="stdafx.cpp">
      <Filter>Source Files</Filter>
    </ClCompile>
    <ClCompile Include="BarbaTunnel.cpp">
      <Filter>Source Files</Filter>
    </ClCompile>
    <ClCompile Include="BarbaUtils.cpp">
      <Filter>Source Files</Filter>
    </ClCompile>
    <ClCompile Include="PacketHelper.cpp">
      <Filter>Source Files</Filter>
    </ClCompile>
    <ClCompile Include="BarbaCrypt.cpp">
      <Filter>Source Files</Filter>
    </ClCompile>
    <ClCompile Include="General.cpp">
      <Filter>Source Files</Filter>
    </ClCompile>
    <ClCompile Include="BarbaClient\BarbaClientConfig.cpp">
      <Filter>Source Files</Filter>
    </ClCompile>
    <ClCompile Include="BarbaServer\BarbaServerConfig.cpp">
      <Filter>Source Files</Filter>
    </ClCompile>
    <ClCompile Include="BarbaServer\BarbaServerConnection.cpp">
      <Filter>Source Files</Filter>
    </ClCompile>
    <ClCompile Include="BarbaServer\BarbaServerApp.cpp">
      <Filter>Source Files</Filter>
    </ClCompile>
    <ClCompile Include="BarbaClient\BarbaClientApp.cpp">
      <Filter>Source Files</Filter>
    </ClCompile>
    <ClCompile Include="BarbaApp.cpp">
      <Filter>Source Files</Filter>
    </ClCompile>
    <ClCompile Include="BarbaClient\BarbaClientConnection.cpp">
      <Filter>Source Files</Filter>
    </ClCompile>
    <ClCompile Include="BarbaComm.cpp">
      <Filter>Source Files</Filter>
    </ClCompile>
    <ClCompile Include="BarbaSocket.cpp">
      <Filter>Source Files</Filter>
    </ClCompile>
    <ClCompile Include="BarbaServer\BarbaServerRedirectConnection.cpp">
      <Filter>Source Files</Filter>
    </ClCompile>
    <ClCompile Include="BarbaServer\BarbaServerConnectionManager.cpp">
      <Filter>Source Files</Filter>
    </ClCompile>
    <ClCompile Include="BarbaConnection.cpp">
      <Filter>Source Files</Filter>
    </ClCompile>
    <ClCompile Include="BarbaClient\BarbaClientRedirectConnection.cpp">
      <Filter>Source Files</Filter>
    </ClCompile>
    <ClCompile Include="BarbaClient\BarbaClientConnectionManager.cpp">
      <Filter>Source Files</Filter>
    </ClCompile>
    <ClCompile Include="BarbaConnectionManager.cpp">
      <Filter>Source Files</Filter>
    </ClCompile>
    <ClCompile Include="Base64.cpp">
      <Filter>Source Files</Filter>
    </ClCompile>
    <ClCompile Include="BarbaConfig.cpp">
      <Filter>Source Files</Filter>
    </ClCompile>
    <ClCompile Include="BarbaFilterDriver.cpp">
      <Filter>Source Files</Filter>
    </ClCompile>
    <ClCompile Include="WinpkFilterDriver.cpp">
      <Filter>Source Files</Filter>
    </ClCompile>
    <ClCompile Include="WinDivertFilterDriver.cpp">
      <Filter>Source Files</Filter>
    </ClCompile>
    <ClCompile Include="BarbaPortRange.cpp">
      <Filter>Source Files</Filter>
    </ClCompile>
    <ClCompile Include="BarbaServer\BarbaServerTcpConnection.cpp">
      <Filter>Source Files</Filter>
    </ClCompile>
    <ClCompile Include="BarbaClient\BarbaClientTcpConnection.cpp">
      <Filter>Source Files</Filter>
    </ClCompile>
    <ClCompile Include="BarbaServer\BarbaServerHttpConnection.cpp">
      <Filter>Source Files</Filter>
    </ClCompile>
    <ClCompile Include="BarbaServer\BarbaServerTcpConnectionBase.cpp">
      <Filter>Source Files</Filter>
    </ClCompile>
    <ClCompile Include="BarbaClient\BarbaClientTcpConnectionBase.cpp">
      <Filter>Source Files</Filter>
    </ClCompile>
    <ClCompile Include="BarbaServer\BarbaServerTcpHost.cpp">
      <Filter>Source Files</Filter>
    </ClCompile>
    <ClCompile Include="BarbaClient\BarbaClientHttpConnection.cpp">
      <Filter>Source Files</Filter>
    </ClCompile>
    <ClCompile Include="BarbaClient\BarbaClientUdpSimpleConnection.cpp">
      <Filter>Source Files</Filter>
    </ClCompile>
    <ClCompile Include="BarbaServer\BarbaServerUdpSimpleConnection.cpp">
      <Filter>Source Files</Filter>
    </ClCompile>
    <ClCompile Include="BarbaCourierDatagram\BarbaCourierDatagram.cpp">
      <Filter>Source Files</Filter>
    </ClCompile>
    <ClCompile Include="BarbaCourierDatagram\BarbaCourierUdpClient.cpp">
      <Filter>Source Files</Filter>
    </ClCompile>
    <ClCompile Include="BarbaCourierDatagram\BarbaCourierUdpServer.cpp">
      <Filter>Source Files</Filter>
    </ClCompile>
    <ClCompile Include="BarbaClient\BarbaClientUdpConnection.cpp">
      <Filter>Source Files</Filter>
    </ClCompile>
    <ClCompile Include="BarbaCourierStream\BarbaCourierHttpClient.cpp">
      <Filter>Source Files</Filter>
    </ClCompile>
    <ClCompile Include="BarbaCourierStream\BarbaCourierHttpServer.cpp">
      <Filter>Source Files</Filter>
    </ClCompile>
    <ClCompile Include="BarbaCourierStream\BarbaCourierRequestMode.cpp">
      <Filter>Source Files</Filter>
    </ClCompile>
    <ClCompile Include="BarbaCourierStream\BarbaCourierTcpClient.cpp">
      <Filter>Source Files</Filter>
    </ClCompile>
    <ClCompile Include="BarbaCourierStream\BarbaCourierTcpServer.cpp">
      <Filter>Source Files</Filter>
    </ClCompile>
    <ClCompile Include="BarbaCourierStream\BarbaCourierStream.cpp">
      <Filter>Source Files</Filter>
    </ClCompile>
    <ClCompile Include="BarbaServer\BarbaServerUdpConnection.cpp">
      <Filter>Source Files</Filter>
    </ClCompile>
  </ItemGroup>
  <ItemGroup>
    <ResourceCompile Include="BarbaTunnel.rc">
      <Filter>Resource Files</Filter>
    </ResourceCompile>
  </ItemGroup>
</Project>