
Microsoft Visual Studio Solution File, Format Version 12.00
# Visual Studio 2012
Project("{8BC9CEB8-8B4A-11D0-8D11-00A0C91BC942}") = "BarbaTunnel", "BarbaTunnel\BarbaTunnel.vcxproj", "{9C2BC0C6-DF1B-4765-97F4-38084FEEB566}"
EndProject
Project("{FAE04EC0-301F-11D3-BF4B-00C04F79EFBC}") = "BarbaMonitor", "BarbaMonitor\BarbaMonitor.csproj", "{CA8CFBC1-0A2A-44F3-B7C3-3F33FF1FBBA7}"
EndProject
Project("{FAE04EC0-301F-11D3-BF4B-00C04F79EFBC}") = "BarbaService", "BarbaService\BarbaService.csproj", "{E9771B53-0287-4311-82FA-0AADDD61D794}"
EndProject
Project("{FAE04EC0-301F-11D3-BF4B-00C04F79EFBC}") = "BarbaCommLib", "BarbaCommLib\BarbaCommLib.csproj", "{F97111DE-C471-43BF-BCAB-A23ECC4CCD91}"
EndProject
Global
	GlobalSection(TeamFoundationVersionControl) = preSolution
		SccNumberOfProjects = 5
		SccEnterpriseProvider = {4CA58AB2-18FA-4F8D-95D4-32DDF27D184C}
		SccTeamFoundationServer = https://tfs.codeplex.com/tfs/tfs34
		SccLocalPath0 = .
		SccProjectUniqueName1 = BarbaTunnel\\BarbaTunnel.vcxproj
		SccProjectName1 = BarbaTunnel
		SccLocalPath1 = BarbaTunnel
		SccProjectUniqueName2 = BarbaCommLib\\BarbaCommLib.csproj
		SccProjectName2 = BarbaCommLib
		SccLocalPath2 = BarbaCommLib
		SccProjectUniqueName3 = BarbaMonitor\\BarbaMonitor.csproj
		SccProjectName3 = BarbaMonitor
		SccLocalPath3 = BarbaMonitor
		SccProjectUniqueName4 = BarbaService\\BarbaService.csproj
		SccProjectName4 = BarbaService
		SccLocalPath4 = BarbaService
	EndGlobalSection
	GlobalSection(SolutionConfigurationPlatforms) = preSolution
		Debug x64|Any CPU = Debug x64|Any CPU
		Debug x64|Mixed Platforms = Debug x64|Mixed Platforms
		Debug x64|Win32 = Debug x64|Win32
		Debug x64|x64 = Debug x64|x64
		Debug|Any CPU = Debug|Any CPU
		Debug|Mixed Platforms = Debug|Mixed Platforms
		Debug|Win32 = Debug|Win32
		Debug|x64 = Debug|x64
		Release x64|Any CPU = Release x64|Any CPU
		Release x64|Mixed Platforms = Release x64|Mixed Platforms
		Release x64|Win32 = Release x64|Win32
		Release x64|x64 = Release x64|x64
		Release|Any CPU = Release|Any CPU
		Release|Mixed Platforms = Release|Mixed Platforms
		Release|Win32 = Release|Win32
		Release|x64 = Release|x64
	EndGlobalSection
	GlobalSection(ProjectConfigurationPlatforms) = postSolution
		{9C2BC0C6-DF1B-4765-97F4-38084FEEB566}.Debug x64|Any CPU.ActiveCfg = Debug|Win32
		{9C2BC0C6-DF1B-4765-97F4-38084FEEB566}.Debug x64|Mixed Platforms.ActiveCfg = Debug|Win32
		{9C2BC0C6-DF1B-4765-97F4-38084FEEB566}.Debug x64|Mixed Platforms.Build.0 = Debug|Win32
		{9C2BC0C6-DF1B-4765-97F4-38084FEEB566}.Debug x64|Win32.ActiveCfg = Debug|Win32
		{9C2BC0C6-DF1B-4765-97F4-38084FEEB566}.Debug x64|Win32.Build.0 = Debug|Win32
		{9C2BC0C6-DF1B-4765-97F4-38084FEEB566}.Debug x64|x64.ActiveCfg = Debug|x64
		{9C2BC0C6-DF1B-4765-97F4-38084FEEB566}.Debug x64|x64.Build.0 = Debug|x64
		{9C2BC0C6-DF1B-4765-97F4-38084FEEB566}.Debug|Any CPU.ActiveCfg = Debug|Win32
		{9C2BC0C6-DF1B-4765-97F4-38084FEEB566}.Debug|Mixed Platforms.ActiveCfg = Debug|Win32
		{9C2BC0C6-DF1B-4765-97F4-38084FEEB566}.Debug|Mixed Platforms.Build.0 = Debug|Win32
		{9C2BC0C6-DF1B-4765-97F4-38084FEEB566}.Debug|Win32.ActiveCfg = Debug|Win32
		{9C2BC0C6-DF1B-4765-97F4-38084FEEB566}.Debug|Win32.Build.0 = Debug|Win32
		{9C2BC0C6-DF1B-4765-97F4-38084FEEB566}.Debug|x64.ActiveCfg = Debug|Win32
		{9C2BC0C6-DF1B-4765-97F4-38084FEEB566}.Debug|x64.Build.0 = Debug|Win32
		{9C2BC0C6-DF1B-4765-97F4-38084FEEB566}.Release x64|Any CPU.ActiveCfg = Release|Win32
		{9C2BC0C6-DF1B-4765-97F4-38084FEEB566}.Release x64|Mixed Platforms.ActiveCfg = Release|Win32
		{9C2BC0C6-DF1B-4765-97F4-38084FEEB566}.Release x64|Mixed Platforms.Build.0 = Release|Win32
		{9C2BC0C6-DF1B-4765-97F4-38084FEEB566}.Release x64|Win32.ActiveCfg = Release|Win32
		{9C2BC0C6-DF1B-4765-97F4-38084FEEB566}.Release x64|Win32.Build.0 = Release|Win32
		{9C2BC0C6-DF1B-4765-97F4-38084FEEB566}.Release x64|x64.ActiveCfg = Release|x64
		{9C2BC0C6-DF1B-4765-97F4-38084FEEB566}.Release x64|x64.Build.0 = Release|x64
		{9C2BC0C6-DF1B-4765-97F4-38084FEEB566}.Release|Any CPU.ActiveCfg = Release|Win32
		{9C2BC0C6-DF1B-4765-97F4-38084FEEB566}.Release|Mixed Platforms.ActiveCfg = Release|Win32
		{9C2BC0C6-DF1B-4765-97F4-38084FEEB566}.Release|Mixed Platforms.Build.0 = Release|Win32
		{9C2BC0C6-DF1B-4765-97F4-38084FEEB566}.Release|Win32.ActiveCfg = Release|Win32
		{9C2BC0C6-DF1B-4765-97F4-38084FEEB566}.Release|Win32.Build.0 = Release|Win32
		{9C2BC0C6-DF1B-4765-97F4-38084FEEB566}.Release|x64.ActiveCfg = Release|Win32
		{9C2BC0C6-DF1B-4765-97F4-38084FEEB566}.Release|x64.Build.0 = Release|Win32
		{CA8CFBC1-0A2A-44F3-B7C3-3F33FF1FBBA7}.Debug x64|Any CPU.ActiveCfg = Debug|Any CPU
		{CA8CFBC1-0A2A-44F3-B7C3-3F33FF1FBBA7}.Debug x64|Any CPU.Build.0 = Debug|Any CPU
		{CA8CFBC1-0A2A-44F3-B7C3-3F33FF1FBBA7}.Debug x64|Mixed Platforms.ActiveCfg = Debug|Any CPU
		{CA8CFBC1-0A2A-44F3-B7C3-3F33FF1FBBA7}.Debug x64|Mixed Platforms.Build.0 = Debug|Any CPU
		{CA8CFBC1-0A2A-44F3-B7C3-3F33FF1FBBA7}.Debug x64|Win32.ActiveCfg = Debug|Any CPU
		{CA8CFBC1-0A2A-44F3-B7C3-3F33FF1FBBA7}.Debug x64|x64.ActiveCfg = Debug|Any CPU
		{CA8CFBC1-0A2A-44F3-B7C3-3F33FF1FBBA7}.Debug x64|x64.Build.0 = Debug|Any CPU
		{CA8CFBC1-0A2A-44F3-B7C3-3F33FF1FBBA7}.Debug|Any CPU.ActiveCfg = Debug|Any CPU
		{CA8CFBC1-0A2A-44F3-B7C3-3F33FF1FBBA7}.Debug|Any CPU.Build.0 = Debug|Any CPU
		{CA8CFBC1-0A2A-44F3-B7C3-3F33FF1FBBA7}.Debug|Mixed Platforms.ActiveCfg = Debug|Any CPU
		{CA8CFBC1-0A2A-44F3-B7C3-3F33FF1FBBA7}.Debug|Mixed Platforms.Build.0 = Debug|Any CPU
		{CA8CFBC1-0A2A-44F3-B7C3-3F33FF1FBBA7}.Debug|Win32.ActiveCfg = Debug|Any CPU
		{CA8CFBC1-0A2A-44F3-B7C3-3F33FF1FBBA7}.Debug|x64.ActiveCfg = Debug|Any CPU
		{CA8CFBC1-0A2A-44F3-B7C3-3F33FF1FBBA7}.Debug|x64.Build.0 = Debug|Any CPU
		{CA8CFBC1-0A2A-44F3-B7C3-3F33FF1FBBA7}.Release x64|Any CPU.ActiveCfg = Release|Any CPU
		{CA8CFBC1-0A2A-44F3-B7C3-3F33FF1FBBA7}.Release x64|Any CPU.Build.0 = Release|Any CPU
		{CA8CFBC1-0A2A-44F3-B7C3-3F33FF1FBBA7}.Release x64|Mixed Platforms.ActiveCfg = Release|Any CPU
		{CA8CFBC1-0A2A-44F3-B7C3-3F33FF1FBBA7}.Release x64|Mixed Platforms.Build.0 = Release|Any CPU
		{CA8CFBC1-0A2A-44F3-B7C3-3F33FF1FBBA7}.Release x64|Win32.ActiveCfg = Release|Any CPU
		{CA8CFBC1-0A2A-44F3-B7C3-3F33FF1FBBA7}.Release x64|x64.ActiveCfg = Release|Any CPU
		{CA8CFBC1-0A2A-44F3-B7C3-3F33FF1FBBA7}.Release x64|x64.Build.0 = Release|Any CPU
		{CA8CFBC1-0A2A-44F3-B7C3-3F33FF1FBBA7}.Release|Any CPU.ActiveCfg = Release|Any CPU
		{CA8CFBC1-0A2A-44F3-B7C3-3F33FF1FBBA7}.Release|Any CPU.Build.0 = Release|Any CPU
		{CA8CFBC1-0A2A-44F3-B7C3-3F33FF1FBBA7}.Release|Mixed Platforms.ActiveCfg = Release|Any CPU
		{CA8CFBC1-0A2A-44F3-B7C3-3F33FF1FBBA7}.Release|Mixed Platforms.Build.0 = Release|Any CPU
		{CA8CFBC1-0A2A-44F3-B7C3-3F33FF1FBBA7}.Release|Win32.ActiveCfg = Release|Any CPU
		{CA8CFBC1-0A2A-44F3-B7C3-3F33FF1FBBA7}.Release|x64.ActiveCfg = Release|Any CPU
		{E9771B53-0287-4311-82FA-0AADDD61D794}.Debug x64|Any CPU.ActiveCfg = Debug|Any CPU
		{E9771B53-0287-4311-82FA-0AADDD61D794}.Debug x64|Any CPU.Build.0 = Debug|Any CPU
		{E9771B53-0287-4311-82FA-0AADDD61D794}.Debug x64|Mixed Platforms.ActiveCfg = Debug|Any CPU
		{E9771B53-0287-4311-82FA-0AADDD61D794}.Debug x64|Mixed Platforms.Build.0 = Debug|Any CPU
		{E9771B53-0287-4311-82FA-0AADDD61D794}.Debug x64|Win32.ActiveCfg = Debug|Any CPU
		{E9771B53-0287-4311-82FA-0AADDD61D794}.Debug x64|x64.ActiveCfg = Debug|Any CPU
		{E9771B53-0287-4311-82FA-0AADDD61D794}.Debug x64|x64.Build.0 = Debug|Any CPU
		{E9771B53-0287-4311-82FA-0AADDD61D794}.Debug|Any CPU.ActiveCfg = Debug|Any CPU
		{E9771B53-0287-4311-82FA-0AADDD61D794}.Debug|Any CPU.Build.0 = Debug|Any CPU
		{E9771B53-0287-4311-82FA-0AADDD61D794}.Debug|Mixed Platforms.ActiveCfg = Debug|Any CPU
		{E9771B53-0287-4311-82FA-0AADDD61D794}.Debug|Mixed Platforms.Build.0 = Debug|Any CPU
		{E9771B53-0287-4311-82FA-0AADDD61D794}.Debug|Win32.ActiveCfg = Debug|Any CPU
		{E9771B53-0287-4311-82FA-0AADDD61D794}.Debug|x64.ActiveCfg = Debug|Any CPU
		{E9771B53-0287-4311-82FA-0AADDD61D794}.Debug|x64.Build.0 = Debug|Any CPU
		{E9771B53-0287-4311-82FA-0AADDD61D794}.Release x64|Any CPU.ActiveCfg = Release|Any CPU
		{E9771B53-0287-4311-82FA-0AADDD61D794}.Release x64|Any CPU.Build.0 = Release|Any CPU
		{E9771B53-0287-4311-82FA-0AADDD61D794}.Release x64|Mixed Platforms.ActiveCfg = Release|Any CPU
		{E9771B53-0287-4311-82FA-0AADDD61D794}.Release x64|Mixed Platforms.Build.0 = Release|Any CPU
		{E9771B53-0287-4311-82FA-0AADDD61D794}.Release x64|Win32.ActiveCfg = Release|Any CPU
		{E9771B53-0287-4311-82FA-0AADDD61D794}.Release x64|x64.ActiveCfg = Release|Any CPU
		{E9771B53-0287-4311-82FA-0AADDD61D794}.Release x64|x64.Build.0 = Release|Any CPU
		{E9771B53-0287-4311-82FA-0AADDD61D794}.Release|Any CPU.ActiveCfg = Release|Any CPU
		{E9771B53-0287-4311-82FA-0AADDD61D794}.Release|Any CPU.Build.0 = Release|Any CPU
		{E9771B53-0287-4311-82FA-0AADDD61D794}.Release|Mixed Platforms.ActiveCfg = Release|Any CPU
		{E9771B53-0287-4311-82FA-0AADDD61D794}.Release|Mixed Platforms.Build.0 = Release|Any CPU
		{E9771B53-0287-4311-82FA-0AADDD61D794}.Release|Win32.ActiveCfg = Release|Any CPU
		{E9771B53-0287-4311-82FA-0AADDD61D794}.Release|x64.ActiveCfg = Release|Any CPU
		{F97111DE-C471-43BF-BCAB-A23ECC4CCD91}.Debug x64|Any CPU.ActiveCfg = Debug|Any CPU
		{F97111DE-C471-43BF-BCAB-A23ECC4CCD91}.Debug x64|Any CPU.Build.0 = Debug|Any CPU
		{F97111DE-C471-43BF-BCAB-A23ECC4CCD91}.Debug x64|Mixed Platforms.ActiveCfg = Debug|Any CPU
		{F97111DE-C471-43BF-BCAB-A23ECC4CCD91}.Debug x64|Mixed Platforms.Build.0 = Debug|Any CPU
		{F97111DE-C471-43BF-BCAB-A23ECC4CCD91}.Debug x64|Win32.ActiveCfg = Debug|Any CPU
		{F97111DE-C471-43BF-BCAB-A23ECC4CCD91}.Debug x64|x64.ActiveCfg = Debug|Any CPU
		{F97111DE-C471-43BF-BCAB-A23ECC4CCD91}.Debug x64|x64.Build.0 = Debug|Any CPU
		{F97111DE-C471-43BF-BCAB-A23ECC4CCD91}.Debug|Any CPU.ActiveCfg = Debug|Any CPU
		{F97111DE-C471-43BF-BCAB-A23ECC4CCD91}.Debug|Any CPU.Build.0 = Debug|Any CPU
		{F97111DE-C471-43BF-BCAB-A23ECC4CCD91}.Debug|Mixed Platforms.ActiveCfg = Debug|Any CPU
		{F97111DE-C471-43BF-BCAB-A23ECC4CCD91}.Debug|Mixed Platforms.Build.0 = Debug|Any CPU
		{F97111DE-C471-43BF-BCAB-A23ECC4CCD91}.Debug|Win32.ActiveCfg = Debug|Any CPU
		{F97111DE-C471-43BF-BCAB-A23ECC4CCD91}.Debug|x64.ActiveCfg = Debug|Any CPU
		{F97111DE-C471-43BF-BCAB-A23ECC4CCD91}.Debug|x64.Build.0 = Debug|Any CPU
		{F97111DE-C471-43BF-BCAB-A23ECC4CCD91}.Release x64|Any CPU.ActiveCfg = Release|Any CPU
		{F97111DE-C471-43BF-BCAB-A23ECC4CCD91}.Release x64|Any CPU.Build.0 = Release|Any CPU
		{F97111DE-C471-43BF-BCAB-A23ECC4CCD91}.Release x64|Mixed Platforms.ActiveCfg = Release|Any CPU
		{F97111DE-C471-43BF-BCAB-A23ECC4CCD91}.Release x64|Mixed Platforms.Build.0 = Release|Any CPU
		{F97111DE-C471-43BF-BCAB-A23ECC4CCD91}.Release x64|Win32.ActiveCfg = Release|Any CPU
		{F97111DE-C471-43BF-BCAB-A23ECC4CCD91}.Release x64|x64.ActiveCfg = Release|Any CPU
		{F97111DE-C471-43BF-BCAB-A23ECC4CCD91}.Release x64|x64.Build.0 = Release|Any CPU
		{F97111DE-C471-43BF-BCAB-A23ECC4CCD91}.Release|Any CPU.ActiveCfg = Release|Any CPU
		{F97111DE-C471-43BF-BCAB-A23ECC4CCD91}.Release|Any CPU.Build.0 = Release|Any CPU
		{F97111DE-C471-43BF-BCAB-A23ECC4CCD91}.Release|Mixed Platforms.ActiveCfg = Release|Any CPU
		{F97111DE-C471-43BF-BCAB-A23ECC4CCD91}.Release|Mixed Platforms.Build.0 = Release|Any CPU
		{F97111DE-C471-43BF-BCAB-A23ECC4CCD91}.Release|Win32.ActiveCfg = Release|Any CPU
		{F97111DE-C471-43BF-BCAB-A23ECC4CCD91}.Release|x64.ActiveCfg = Release|Any CPU
	EndGlobalSection
	GlobalSection(SolutionProperties) = preSolution
		HideSolutionNode = FALSE
	EndGlobalSection
EndGlobal
